
Microsoft Visual Studio Solution File, Format Version 12.00
# Visual Studio Version 16
VisualStudioVersion = 16.0.31702.278
MinimumVisualStudioVersion = 10.0.40219.1
Project("{FAE04EC0-301F-11D3-BF4B-00C04F79EFBC}") = "W2L8_Homework", "W2L8_Homework\W2L8_Homework.csproj", "{B235C251-DD74-42D5-A770-FB9238B42DBE}"
EndProject
Global
	GlobalSection(SolutionConfigurationPlatforms) = preSolution
		Debug|Any CPU = Debug|Any CPU
		Release|Any CPU = Release|Any CPU
	EndGlobalSection
	GlobalSection(ProjectConfigurationPlatforms) = postSolution
		{B235C251-DD74-42D5-A770-FB9238B42DBE}.Debug|Any CPU.ActiveCfg = Debug|Any CPU
		{B235C251-DD74-42D5-A770-FB9238B42DBE}.Debug|Any CPU.Build.0 = Debug|Any CPU
		{B235C251-DD74-42D5-A770-FB9238B42DBE}.Release|Any CPU.ActiveCfg = Release|Any CPU
		{B235C251-DD74-42D5-A770-FB9238B42DBE}.Release|Any CPU.Build.0 = Release|Any CPU
	EndGlobalSection
	GlobalSection(SolutionProperties) = preSolution
		HideSolutionNode = FALSE
	EndGlobalSection
	GlobalSection(ExtensibilityGlobals) = postSolution
		SolutionGuid = {98298ED5-8484-4D61-B0A4-12143AB1A20A}
	EndGlobalSection
EndGlobal
